{
  "originHash" : "7bb8949c9f65a474567303658f86ee07b189d05053500123982e813ffc7a15ff",
  "pins" : [
    {
      "identity" : "corredor",
      "kind" : "remoteSourceControl",
      "location" : "https://github.com/platacard/corredor",
      "state" : {
        "revision" : "73a39cc7e61987a76fb8bb2a117bce7984c172b4",
        "version" : "1.0.2"
      }
    },
    {
      "identity" : "cronista",
      "kind" : "remoteSourceControl",
      "location" : "https://github.com/platacard/cronista",
      "state" : {
        "revision" : "59a7fb96af117c8c4d50911c9470aaf20aa7eac3",
        "version" : "1.0.3"
      }
    },
    {
      "identity" : "dotcontext",
      "kind" : "remoteSourceControl",
      "location" : "https://github.com/platacard/dotcontext.git",
      "state" : {
        "revision" : "c05288da9f8399dca4f47c5435c6c306e51bbf1c",
        "version" : "1.0.1"
      }
    },
    {
      "identity" : "openapikit",
      "kind" : "remoteSourceControl",
      "location" : "https://github.com/mattpolzin/OpenAPIKit",
      "state" : {
        "revision" : "a75aa4166d916f1cb4a192e928a18f7b6d3516bc",
        "version" : "3.5.2"
      }
    },
    {
      "identity" : "swift-algorithms",
      "kind" : "remoteSourceControl",
      "location" : "https://github.com/apple/swift-algorithms",
      "state" : {
        "revision" : "f6919dfc309e7f1b56224378b11e28bab5bccc42",
        "version" : "1.2.0"
      }
    },
    {
      "identity" : "swift-argument-parser",
      "kind" : "remoteSourceControl",
      "location" : "https://github.com/apple/swift-argument-parser",
      "state" : {
        "revision" : "41982a3656a71c768319979febd796c6fd111d5c",
        "version" : "1.5.0"
      }
    },
    {
      "identity" : "swift-collections",
      "kind" : "remoteSourceControl",
      "location" : "https://github.com/apple/swift-collections",
      "state" : {
        "revision" : "671108c96644956dddcd89dd59c203dcdb36cec7",
        "version" : "1.1.4"
      }
    },
    {
      "identity" : "swift-crypto",
      "kind" : "remoteSourceControl",
      "location" : "https://github.com/apple/swift-crypto.git",
      "state" : {
        "revision" : "81bee98e706aee68d39ed5996db069ef2b313d62",
        "version" : "3.7.1"
      }
    },
    {
      "identity" : "swift-http-types",
      "kind" : "remoteSourceControl",
      "location" : "https://github.com/apple/swift-http-types",
      "state" : {
        "revision" : "12358d55a3824bd5fed310b999ea8cf83a9a1a65",
        "version" : "1.0.3"
      }
    },
    {
      "identity" : "swift-numerics",
      "kind" : "remoteSourceControl",
      "location" : "https://github.com/apple/swift-numerics.git",
      "state" : {
        "revision" : "0a5bc04095a675662cf24757cc0640aa2204253b",
        "version" : "1.0.2"
      }
    },
    {
      "identity" : "swift-openapi-generator",
      "kind" : "remoteSourceControl",
      "location" : "https://github.com/apple/swift-openapi-generator",
      "state" : {
        "revision" : "d74223cc5595a8165181c4d9579243c932e5cd07",
        "version" : "1.10.3"
      }
    },
    {
      "identity" : "swift-openapi-runtime",
      "kind" : "remoteSourceControl",
      "location" : "https://github.com/apple/swift-openapi-runtime",
      "state" : {
        "revision" : "7722cf8eac05c1f1b5b05895b04cfcc29576d9be",
        "version" : "1.8.3"
      }
    },
    {
      "identity" : "swift-openapi-urlsession",
      "kind" : "remoteSourceControl",
      "location" : "https://github.com/apple/swift-openapi-urlsession",
      "state" : {
        "revision" : "6fac6f7c428d5feea2639b5f5c8b06ddfb79434b",
        "version" : "1.1.0"
      }
    },
    {
      "identity" : "yams",
      "kind" : "remoteSourceControl",
      "location" : "https://github.com/jpsim/Yams",
      "state" : {
        "revision" : "0d9ee7ea8c4ebd4a489ad7a73d5c6cad55d6fed3",
        "version" : "5.0.6"
      }
    }
  ],
  "version" : 3
}
